{
  "name": "web-contest",
  "version": "1.0.0",
  "lockfileVersion": 2,
  "requires": true,
  "packages": {
    "": {
      "name": "web-contest",
      "version": "1.0.0",
      "license": "ISC",
      "dependencies": {
        "@zoi-dayo/scml": "1.0.0"
      },
      "devDependencies": {}
    },
    "node_modules/@zoi-dayo/scml": {
      "version": "1.0.0",
      "resolved": "https://npm.pkg.github.com/download/@zoi-dayo/scml/1.0.0/fd76bb51bdfbc947687fc5d038a8b2602be12c73bac03a85da628b7c00f559a1",
      "integrity": "sha512-TSn46y1wBdJ3tq+s7RieU2w2e6+dGdAzeqM1Ug/SM5YOs1JOFlChCHHDj+c5H8zxr4O4n1SzanS0u6BzcM5kng==",
      "license": "Apache-2.0",
      "dependencies": {
        "colors": "^1.4.0",
        "marked": "^3.0.7",
        "prettier": "^2.4.1"
      },
      "bin": {
        "scml": "bin/scml.mjs"
      }
    },
    "node_modules/colors": {
      "version": "1.4.0",
      "resolved": "https://registry.npmjs.org/colors/-/colors-1.4.0.tgz",
      "integrity": "sha512-a+UqTh4kgZg/SlGvfbzDHpgRu7AAQOmmqRHJnxhRZICKFUT91brVhNNt58CMWU9PsBbv3PDCZUHbVxuDiH2mtA==",
      "engines": {
        "node": ">=0.1.90"
      }
    },
    "node_modules/marked": {
      "version": "3.0.7",
      "resolved": "https://registry.npmjs.org/marked/-/marked-3.0.7.tgz",
      "integrity": "sha512-ctKqbnLuNbsHbI26cfMyOlKgXGfl1orOv1AvWWDX7AkgfMOwCWvmuYc+mVLeWhQ9W6hdWVBynOs96VkcscKo0Q==",
      "bin": {
        "marked": "bin/marked"
      },
      "engines": {
        "node": ">= 12"
      }
    },
    "node_modules/prettier": {
      "version": "2.4.1",
      "resolved": "https://registry.npmjs.org/prettier/-/prettier-2.4.1.tgz",
      "integrity": "sha512-9fbDAXSBcc6Bs1mZrDYb3XKzDLm4EXXL9sC1LqKP5rZkT6KRr/rf9amVUcODVXgguK/isJz0d0hP72WeaKWsvA==",
      "bin": {
        "prettier": "bin-prettier.js"
      },
      "engines": {
        "node": ">=10.13.0"
      }
    }
  },
  "dependencies": {
    "@zoi-dayo/scml": {
      "version": "1.0.0",
      "resolved": "https://npm.pkg.github.com/download/@zoi-dayo/scml/1.0.0/fd76bb51bdfbc947687fc5d038a8b2602be12c73bac03a85da628b7c00f559a1",
      "integrity": "sha512-TSn46y1wBdJ3tq+s7RieU2w2e6+dGdAzeqM1Ug/SM5YOs1JOFlChCHHDj+c5H8zxr4O4n1SzanS0u6BzcM5kng==",
      "requires": {
        "colors": "^1.4.0",
        "marked": "^3.0.7",
        "prettier": "^2.4.1"
      }
    },
    "colors": {
      "version": "1.4.0",
      "resolved": "https://registry.npmjs.org/colors/-/colors-1.4.0.tgz",
      "integrity": "sha512-a+UqTh4kgZg/SlGvfbzDHpgRu7AAQOmmqRHJnxhRZICKFUT91brVhNNt58CMWU9PsBbv3PDCZUHbVxuDiH2mtA=="
    },
    "marked": {
      "version": "3.0.7",
      "resolved": "https://registry.npmjs.org/marked/-/marked-3.0.7.tgz",
      "integrity": "sha512-ctKqbnLuNbsHbI26cfMyOlKgXGfl1orOv1AvWWDX7AkgfMOwCWvmuYc+mVLeWhQ9W6hdWVBynOs96VkcscKo0Q=="
    },
    "prettier": {
      "version": "2.4.1",
      "resolved": "https://registry.npmjs.org/prettier/-/prettier-2.4.1.tgz",
      "integrity": "sha512-9fbDAXSBcc6Bs1mZrDYb3XKzDLm4EXXL9sC1LqKP5rZkT6KRr/rf9amVUcODVXgguK/isJz0d0hP72WeaKWsvA=="
    }
  }
}
